// !$*UTF8*$!
{
	archiveVersion = 1;
	classes = {
	};
	objectVersion = 46;
	objects = {

/* Begin PBXBuildFile section */
		FCE1CDBE1DD9F63800341650 /* main.m in Sources */ = {isa = PBXBuildFile; fileRef = FCE1CDBD1DD9F63800341650 /* main.m */; };
		FCE1CDC11DD9F63800341650 /* AppDelegate.m in Sources */ = {isa = PBXBuildFile; fileRef = FCE1CDC01DD9F63800341650 /* AppDelegate.m */; };
		FCE1CDC41DD9F63800341650 /* ViewController.m in Sources */ = {isa = PBXBuildFile; fileRef = FCE1CDC31DD9F63800341650 /* ViewController.m */; };
		FCE1CDC71DD9F63800341650 /* Main.storyboard in Resources */ = {isa = PBXBuildFile; fileRef = FCE1CDC51DD9F63800341650 /* Main.storyboard */; };
		FCE1CDC91DD9F63800341650 /* Assets.xcassets in Resources */ = {isa = PBXBuildFile; fileRef = FCE1CDC81DD9F63800341650 /* Assets.xcassets */; };
		FCE1CDCC1DD9F63800341650 /* LaunchScreen.storyboard in Resources */ = {isa = PBXBuildFile; fileRef = FCE1CDCA1DD9F63800341650 /* LaunchScreen.storyboard */; };
		FCE1CDD71DD9F63800341650 /* __git1Tests.m in Sources */ = {isa = PBXBuildFile; fileRef = FCE1CDD61DD9F63800341650 /* __git1Tests.m */; };
		FCE1CDE21DD9F63800341650 /* __git1UITests.m in Sources */ = {isa = PBXBuildFile; fileRef = FCE1CDE11DD9F63800341650 /* __git1UITests.m */; };
/* End PBXBuildFile section */

/* Begin PBXContainerItemProxy section */
		FCE1CDD31DD9F63800341650 /* PBXContainerItemProxy */ = {
			isa = PBXContainerItemProxy;
			containerPortal = FCE1CDB11DD9F63800341650 /* Project object */;
			proxyType = 1;
			remoteGlobalIDString = FCE1CDB81DD9F63800341650;
			remoteInfo = "使用git1";
		};
		FCE1CDDE1DD9F63800341650 /* PBXContainerItemProxy */ = {
			isa = PBXContainerItemProxy;
			containerPortal = FCE1CDB11DD9F63800341650 /* Project object */;
			proxyType = 1;
			remoteGlobalIDString = FCE1CDB81DD9F63800341650;
			remoteInfo = "使用git1";
		};
/* End PBXContainerItemProxy section */

/* Begin PBXFileReference section */
		FCE1CDB91DD9F63800341650 /* 使用git1.app */ = {isa = PBXFileReference; explicitFileType = wrapper.application; includeInIndex = 0; path = "使用git1.app"; sourceTree = BUILT_PRODUCTS_DIR; };
		FCE1CDBD1DD9F63800341650 /* main.m */ = {isa = PBXFileReference; lastKnownFileType = sourcecode.c.objc; path = main.m; sourceTree = "<group>"; };
		FCE1CDBF1DD9F63800341650 /* AppDelegate.h */ = {isa = PBXFileReference; lastKnownFileType = sourcecode.c.h; path = AppDelegate.h; sourceTree = "<group>"; };
		FCE1CDC01DD9F63800341650 /* AppDelegate.m */ = {isa = PBXFileReference; lastKnownFileType = sourcecode.c.objc; path = AppDelegate.m; sourceTree = "<group>"; };
		FCE1CDC21DD9F63800341650 /* ViewController.h */ = {isa = PBXFileReference; lastKnownFileType = sourcecode.c.h; path = ViewController.h; sourceTree = "<group>"; };
		FCE1CDC31DD9F63800341650 /* ViewController.m */ = {isa = PBXFileReference; lastKnownFileType = sourcecode.c.objc; path = ViewController.m; sourceTree = "<group>"; };
		FCE1CDC61DD9F63800341650 /* Base */ = {isa = PBXFileReference; lastKnownFileType = file.storyboard; name = Base; path = Base.lproj/Main.storyboard; sourceTree = "<group>"; };
		FCE1CDC81DD9F63800341650 /* Assets.xcassets */ = {isa = PBXFileReference; lastKnownFileType = folder.assetcatalog; path = Assets.xcassets; sourceTree = "<group>"; };
		FCE1CDCB1DD9F63800341650 /* Base */ = {isa = PBXFileReference; lastKnownFileType = file.storyboard; name = Base; path = Base.lproj/LaunchScreen.storyboard; sourceTree = "<group>"; };
		FCE1CDCD1DD9F63800341650 /* Info.plist */ = {isa = PBXFileReference; lastKnownFileType = text.plist.xml; path = Info.plist; sourceTree = "<group>"; };
		FCE1CDD21DD9F63800341650 /* 使用git1Tests.xctest */ = {isa = PBXFileReference; explicitFileType = wrapper.cfbundle; includeInIndex = 0; path = "使用git1Tests.xctest"; sourceTree = BUILT_PRODUCTS_DIR; };
		FCE1CDD61DD9F63800341650 /* __git1Tests.m */ = {isa = PBXFileReference; lastKnownFileType = sourcecode.c.objc; path = __git1Tests.m; sourceTree = "<group>"; };
		FCE1CDD81DD9F63800341650 /* Info.plist */ = {isa = PBXFileReference; lastKnownFileType = text.plist.xml; path = Info.plist; sourceTree = "<group>"; };
		FCE1CDDD1DD9F63800341650 /* 使用git1UITests.xctest */ = {isa = PBXFileReference; explicitFileType = wrapper.cfbundle; includeInIndex = 0; path = "使用git1UITests.xctest"; sourceTree = BUILT_PRODUCTS_DIR; };
		FCE1CDE11DD9F63800341650 /* __git1UITests.m */ = {isa = PBXFileReference; lastKnownFileType = sourcecode.c.objc; path = __git1UITests.m; sourceTree = "<group>"; };
		FCE1CDE31DD9F63800341650 /* Info.plist */ = {isa = PBXFileReference; lastKnownFileType = text.plist.xml; path = Info.plist; sourceTree = "<group>"; };
/* End PBXFileReference section */

/* Begin PBXFrameworksBuildPhase section */
		FCE1CDB61DD9F63800341650 /* Frameworks */ = {
			isa = PBXFrameworksBuildPhase;
			buildActionMask = 2147483647;
			files = (
			);
			runOnlyForDeploymentPostprocessing = 0;
		};
		FCE1CDCF1DD9F63800341650 /* Frameworks */ = {
			isa = PBXFrameworksBuildPhase;
			buildActionMask = 2147483647;
			files = (
			);
			runOnlyForDeploymentPostprocessing = 0;
		};
		FCE1CDDA1DD9F63800341650 /* Frameworks */ = {
			isa = PBXFrameworksBuildPhase;
			buildActionMask = 2147483647;
			files = (
			);
			runOnlyForDeploymentPostprocessing = 0;
		};
/* End PBXFrameworksBuildPhase section */

/* Begin PBXGroup section */
		FCE1CDB01DD9F63800341650 = {
			isa = PBXGroup;
			children = (
				FCE1CDBB1DD9F63800341650 /* 使用git1 */,
				FCE1CDD51DD9F63800341650 /* 使用git1Tests */,
				FCE1CDE01DD9F63800341650 /* 使用git1UITests */,
				FCE1CDBA1DD9F63800341650 /* Products */,
			);
			sourceTree = "<group>";
		};
		FCE1CDBA1DD9F63800341650 /* Products */ = {
			isa = PBXGroup;
			children = (
				FCE1CDB91DD9F63800341650 /* 使用git1.app */,
				FCE1CDD21DD9F63800341650 /* 使用git1Tests.xctest */,
				FCE1CDDD1DD9F63800341650 /* 使用git1UITests.xctest */,
			);
			name = Products;
			sourceTree = "<group>";
		};
		FCE1CDBB1DD9F63800341650 /* 使用git1 */ = {
			isa = PBXGroup;
			children = (
				FCE1CDBF1DD9F63800341650 /* AppDelegate.h */,
				FCE1CDC01DD9F63800341650 /* AppDelegate.m */,
				FCE1CDC21DD9F63800341650 /* ViewController.h */,
				FCE1CDC31DD9F63800341650 /* ViewController.m */,
				FCE1CDC51DD9F63800341650 /* Main.storyboard */,
				FCE1CDC81DD9F63800341650 /* Assets.xcassets */,
				FCE1CDCA1DD9F63800341650 /* LaunchScreen.storyboard */,
				FCE1CDCD1DD9F63800341650 /* Info.plist */,
				FCE1CDBC1DD9F63800341650 /* Supporting Files */,
			);
			path = "使用git1";
			sourceTree = "<group>";
		};
		FCE1CDBC1DD9F63800341650 /* Supporting Files */ = {
			isa = PBXGroup;
			children = (
				FCE1CDBD1DD9F63800341650 /* main.m */,
			);
			name = "Supporting Files";
			sourceTree = "<group>";
		};
		FCE1CDD51DD9F63800341650 /* 使用git1Tests */ = {
			isa = PBXGroup;
			children = (
				FCE1CDD61DD9F63800341650 /* __git1Tests.m */,
				FCE1CDD81DD9F63800341650 /* Info.plist */,
			);
			path = "使用git1Tests";
			sourceTree = "<group>";
		};
		FCE1CDE01DD9F63800341650 /* 使用git1UITests */ = {
			isa = PBXGroup;
			children = (
				FCE1CDE11DD9F63800341650 /* __git1UITests.m */,
				FCE1CDE31DD9F63800341650 /* Info.plist */,
			);
			path = "使用git1UITests";
			sourceTree = "<group>";
		};
/* End PBXGroup section */

/* Begin PBXNativeTarget section */
		FCE1CDB81DD9F63800341650 /* 使用git1 */ = {
			isa = PBXNativeTarget;
			buildConfigurationList = FCE1CDE61DD9F63800341650 /* Build configuration list for PBXNativeTarget "使用git1" */;
			buildPhases = (
				FCE1CDB51DD9F63800341650 /* Sources */,
				FCE1CDB61DD9F63800341650 /* Frameworks */,
				FCE1CDB71DD9F63800341650 /* Resources */,
			);
			buildRules = (
			);
			dependencies = (
			);
			name = "使用git1";
			productName = "使用git1";
			productReference = FCE1CDB91DD9F63800341650 /* 使用git1.app */;
			productType = "com.apple.product-type.application";
		};
		FCE1CDD11DD9F63800341650 /* 使用git1Tests */ = {
			isa = PBXNativeTarget;
			buildConfigurationList = FCE1CDE91DD9F63800341650 /* Build configuration list for PBXNativeTarget "使用git1Tests" */;
			buildPhases = (
				FCE1CDCE1DD9F63800341650 /* Sources */,
				FCE1CDCF1DD9F63800341650 /* Frameworks */,
				FCE1CDD01DD9F63800341650 /* Resources */,
			);
			buildRules = (
			);
			dependencies = (
				FCE1CDD41DD9F63800341650 /* PBXTargetDependency */,
			);
			name = "使用git1Tests";
			productName = "使用git1Tests";
			productReference = FCE1CDD21DD9F63800341650 /* 使用git1Tests.xctest */;
			productType = "com.apple.product-type.bundle.unit-test";
		};
		FCE1CDDC1DD9F63800341650 /* 使用git1UITests */ = {
			isa = PBXNativeTarget;
			buildConfigurationList = FCE1CDEC1DD9F63800341650 /* Build configuration list for PBXNativeTarget "使用git1UITests" */;
			buildPhases = (
				FCE1CDD91DD9F63800341650 /* Sources */,
				FCE1CDDA1DD9F63800341650 /* Frameworks */,
				FCE1CDDB1DD9F63800341650 /* Resources */,
			);
			buildRules = (
			);
			dependencies = (
				FCE1CDDF1DD9F63800341650 /* PBXTargetDependency */,
			);
			name = "使用git1UITests";
			productName = "使用git1UITests";
			productReference = FCE1CDDD1DD9F63800341650 /* 使用git1UITests.xctest */;
			productType = "com.apple.product-type.bundle.ui-testing";
		};
/* End PBXNativeTarget section */

/* Begin PBXProject section */
		FCE1CDB11DD9F63800341650 /* Project object */ = {
			isa = PBXProject;
			attributes = {
				LastUpgradeCheck = 0800;
				ORGANIZATIONNAME = "苏志学";
				TargetAttributes = {
					FCE1CDB81DD9F63800341650 = {
						CreatedOnToolsVersion = 8.0;
						DevelopmentTeam = 7Y23H2KX2R;
						ProvisioningStyle = Automatic;
					};
					FCE1CDD11DD9F63800341650 = {
						CreatedOnToolsVersion = 8.0;
						DevelopmentTeam = 7Y23H2KX2R;
						ProvisioningStyle = Automatic;
						TestTargetID = FCE1CDB81DD9F63800341650;
					};
					FCE1CDDC1DD9F63800341650 = {
						CreatedOnToolsVersion = 8.0;
						DevelopmentTeam = 7Y23H2KX2R;
						ProvisioningStyle = Automatic;
						TestTargetID = FCE1CDB81DD9F63800341650;
					};
				};
			};
			buildConfigurationList = FCE1CDB41DD9F63800341650 /* Build configuration list for PBXProject "使用git1" */;
			compatibilityVersion = "Xcode 3.2";
			developmentRegion = English;
			hasScannedForEncodings = 0;
			knownRegions = (
				en,
				Base,
			);
			mainGroup = FCE1CDB01DD9F63800341650;
			productRefGroup = FCE1CDBA1DD9F63800341650 /* Products */;
			projectDirPath = "";
			projectRoot = "";
			targets = (
				FCE1CDB81DD9F63800341650 /* 使用git1 */,
				FCE1CDD11DD9F63800341650 /* 使用git1Tests */,
				FCE1CDDC1DD9F63800341650 /* 使用git1UITests */,
			);
		};
/* End PBXProject section */

/* Begin PBXResourcesBuildPhase section */
		FCE1CDB71DD9F63800341650 /* Resources */ = {
			isa = PBXResourcesBuildPhase;
			buildActionMask = 2147483647;
			files = (
				FCE1CDCC1DD9F63800341650 /* LaunchScreen.storyboard in Resources */,
				FCE1CDC91DD9F63800341650 /* Assets.xcassets in Resources */,
				FCE1CDC71DD9F63800341650 /* Main.storyboard in Resources */,
			);
			runOnlyForDeploymentPostprocessing = 0;
		};
		FCE1CDD01DD9F63800341650 /* Resources */ = {
			isa = PBXResourcesBuildPhase;
			buildActionMask = 2147483647;
			files = (
			);
			runOnlyForDeploymentPostprocessing = 0;
		};
		FCE1CDDB1DD9F63800341650 /* Resources */ = {
			isa = PBXResourcesBuildPhase;
			buildActionMask = 2147483647;
			files = (
			);
			runOnlyForDeploymentPostprocessing = 0;
		};
/* End PBXResourcesBuildPhase section */

/* Begin PBXSourcesBuildPhase section */
		FCE1CDB51DD9F63800341650 /* Sources */ = {
			isa = PBXSourcesBuildPhase;
			buildActionMask = 2147483647;
			files = (
				FCE1CDC41DD9F63800341650 /* ViewController.m in Sources */,
				FCE1CDC11DD9F63800341650 /* AppDelegate.m in Sources */,
				FCE1CDBE1DD9F63800341650 /* main.m in Sources */,
			);
			runOnlyForDeploymentPostprocessing = 0;
		};
		FCE1CDCE1DD9F63800341650 /* Sources */ = {
			isa = PBXSourcesBuildPhase;
			buildActionMask = 2147483647;
			files = (
				FCE1CDD71DD9F63800341650 /* __git1Tests.m in Sources */,
			);
			runOnlyForDeploymentPostprocessing = 0;
		};
		FCE1CDD91DD9F63800341650 /* Sources */ = {
			isa = PBXSourcesBuildPhase;
			buildActionMask = 2147483647;
			files = (
				FCE1CDE21DD9F63800341650 /* __git1UITests.m in Sources */,
			);
			runOnlyForDeploymentPostprocessing = 0;
		};
/* End PBXSourcesBuildPhase section */

/* Begin PBXTargetDependency section */
		FCE1CDD41DD9F63800341650 /* PBXTargetDependency */ = {
			isa = PBXTargetDependency;
			target = FCE1CDB81DD9F63800341650 /* 使用git1 */;
			targetProxy = FCE1CDD31DD9F63800341650 /* PBXContainerItemProxy */;
		};
		FCE1CDDF1DD9F63800341650 /* PBXTargetDependency */ = {
			isa = PBXTargetDependency;
			target = FCE1CDB81DD9F63800341650 /* 使用git1 */;
			targetProxy = FCE1CDDE1DD9F63800341650 /* PBXContainerItemProxy */;
		};
/* End PBXTargetDependency section */

/* Begin PBXVariantGroup section */
		FCE1CDC51DD9F63800341650 /* Main.storyboard */ = {
			isa = PBXVariantGroup;
			children = (
				FCE1CDC61DD9F63800341650 /* Base */,
			);
			name = Main.storyboard;
			sourceTree = "<group>";
		};
		FCE1CDCA1DD9F63800341650 /* LaunchScreen.storyboard */ = {
			isa = PBXVariantGroup;
			children = (
				FCE1CDCB1DD9F63800341650 /* Base */,
			);
			name = LaunchScreen.storyboard;
			sourceTree = "<group>";
		};
/* End PBXVariantGroup section */

/* Begin XCBuildConfiguration section */
		FCE1CDE41DD9F63800341650 /* Debug */ = {
			isa = XCBuildConfiguration;
			buildSettings = {
				ALWAYS_SEARCH_USER_PATHS = NO;
				CLANG_ANALYZER_NONNULL = YES;
				CLANG_CXX_LANGUAGE_STANDARD = "gnu++0x";
				CLANG_CXX_LIBRARY = "libc++";
				CLANG_ENABLE_MODULES = YES;
				CLANG_ENABLE_OBJC_ARC = YES;
				CLANG_WARN_BOOL_CONVERSION = YES;
				CLANG_WARN_CONSTANT_CONVERSION = YES;
				CLANG_WARN_DIRECT_OBJC_ISA_USAGE = YES_ERROR;
				CLANG_WARN_DOCUMENTATION_COMMENTS = YES;
				CLANG_WARN_EMPTY_BODY = YES;
				CLANG_WARN_ENUM_CONVERSION = YES;
				CLANG_WARN_INFINITE_RECURSION = YES;
				CLANG_WARN_INT_CONVERSION = YES;
				CLANG_WARN_OBJC_ROOT_CLASS = YES_ERROR;
				CLANG_WARN_SUSPICIOUS_MOVES = YES;
				CLANG_WARN_UNREACHABLE_CODE = YES;
				CLANG_WARN__DUPLICATE_METHOD_MATCH = YES;
				"CODE_SIGN_IDENTITY[sdk=iphoneos*]" = "iPhone Developer";
				COPY_PHASE_STRIP = NO;
				DEBUG_INFORMATION_FORMAT = dwarf;
				ENABLE_STRICT_OBJC_MSGSEND = YES;
				ENABLE_TESTABILITY = YES;
				GCC_C_LANGUAGE_STANDARD = gnu99;
				GCC_DYNAMIC_NO_PIC = NO;
				GCC_NO_COMMON_BLOCKS = YES;
				GCC_OPTIMIZATION_LEVEL = 0;
				GCC_PREPROCESSOR_DEFINITIONS = (
					"DEBUG=1",
					"$(inherited)",
				);
				GCC_WARN_64_TO_32_BIT_CONVERSION = YES;
				GCC_WARN_ABOUT_RETURN_TYPE = YES_ERROR;
				GCC_WARN_UNDECLARED_SELECTOR = YES;
				GCC_WARN_UNINITIALIZED_AUTOS = YES_AGGRESSIVE;
				GCC_WARN_UNUSED_FUNCTION = YES;
				GCC_WARN_UNUSED_VARIABLE = YES;
				IPHONEOS_DEPLOYMENT_TARGET = 10.0;
				MTL_ENABLE_DEBUG_INFO = YES;
				ONLY_ACTIVE_ARCH = YES;
				SDKROOT = iphoneos;
				TARGETED_DEVICE_FAMILY = "1,2";
			};
			name = Debug;
		};
		FCE1CDE51DD9F63800341650 /* Release */ = {
			isa = XCBuildConfiguration;
			buildSettings = {
				ALWAYS_SEARCH_USER_PATHS = NO;
				CLANG_ANALYZER_NONNULL = YES;
				CLANG_CXX_LANGUAGE_STANDARD = "gnu++0x";
				CLANG_CXX_LIBRARY = "libc++";
				CLANG_ENABLE_MODULES = YES;
				CLANG_ENABLE_OBJC_ARC = YES;
				CLANG_WARN_BOOL_CONVERSION = YES;
				CLANG_WARN_CONSTANT_CONVERSION = YES;
				CLANG_WARN_DIRECT_OBJC_ISA_USAGE = YES_ERROR;
				CLANG_WARN_DOCUMENTATION_COMMENTS = YES;
				CLANG_WARN_EMPTY_BODY = YES;
				CLANG_WARN_ENUM_CONVERSION = YES;
				CLANG_WARN_INFINITE_RECURSION = YES;
				CLANG_WARN_INT_CONVERSION = YES;
				CLANG_WARN_OBJC_ROOT_CLASS = YES_ERROR;
				CLANG_WARN_SUSPICIOUS_MOVES = YES;
				CLANG_WARN_UNREACHABLE_CODE = YES;
				CLANG_WARN__DUPLICATE_METHOD_MATCH = YES;
				"CODE_SIGN_IDENTITY[sdk=iphoneos*]" = "iPhone Developer";
				COPY_PHASE_STRIP = NO;
				DEBUG_INFORMATION_FORMAT = "dwarf-with-dsym";
				ENABLE_NS_ASSERTIONS = NO;
				ENABLE_STRICT_OBJC_MSGSEND = YES;
				GCC_C_LANGUAGE_STANDARD = gnu99;
				GCC_NO_COMMON_BLOCKS = YES;
				GCC_WARN_64_TO_32_BIT_CONVERSION = YES;
				GCC_WARN_ABOUT_RETURN_TYPE = YES_ERROR;
				GCC_WARN_UNDECLARED_SELECTOR = YES;
				GCC_WARN_UNINITIALIZED_AUTOS = YES_AGGRESSIVE;
				GCC_WARN_UNUSED_FUNCTION = YES;
				GCC_WARN_UNUSED_VARIABLE = YES;
				IPHONEOS_DEPLOYMENT_TARGET = 10.0;
				MTL_ENABLE_DEBUG_INFO = NO;
				SDKROOT = iphoneos;
				TARGETED_DEVICE_FAMILY = "1,2";
				VALIDATE_PRODUCT = YES;
			};
			name = Release;
		};
		FCE1CDE71DD9F63800341650 /* Debug */ = {
			isa = XCBuildConfiguration;
			buildSettings = {
				ASSETCATALOG_COMPILER_APPICON_NAME = AppIcon;
				DEVELOPMENT_TEAM = 7Y23H2KX2R;
				INFOPLIST_FILE = "使用git1/Info.plist";
				LD_RUNPATH_SEARCH_PATHS = "$(inherited) @executable_path/Frameworks";
				PRODUCT_BUNDLE_IDENTIFIER = "suzhixue.511.--git1";
				PRODUCT_NAME = "$(TARGET_NAME)";
			};
			name = Debug;
		};
		FCE1CDE81DD9F63800341650 /* Release */ = {
			isa = XCBuildConfiguration;
			buildSettings = {
				ASSETCATALOG_COMPILER_APPICON_NAME = AppIcon;
				DEVELOPMENT_TEAM = 7Y23H2KX2R;
				INFOPLIST_FILE = "使用git1/Info.plist";
				LD_RUNPATH_SEARCH_PATHS = "$(inherited) @executable_path/Frameworks";
				PRODUCT_BUNDLE_IDENTIFIER = "suzhixue.511.--git1";
				PRODUCT_NAME = "$(TARGET_NAME)";
			};
			name = Release;
		};
		FCE1CDEA1DD9F63800341650 /* Debug */ = {
			isa = XCBuildConfiguration;
			buildSettings = {
				BUNDLE_LOADER = "$(TEST_HOST)";
				DEVELOPMENT_TEAM = 7Y23H2KX2R;
				INFOPLIST_FILE = "使用git1Tests/Info.plist";
				LD_RUNPATH_SEARCH_PATHS = "$(inherited) @executable_path/Frameworks @loader_path/Frameworks";
				PRODUCT_BUNDLE_IDENTIFIER = "suzhixue.511.--git1Tests";
				PRODUCT_NAME = "$(TARGET_NAME)";
				TEST_HOST = "$(BUILT_PRODUCTS_DIR)/使用git1.app/使用git1";
			};
			name = Debug;
		};
		FCE1CDEB1DD9F63800341650 /* Release */ = {
			isa = XCBuildConfiguration;
			buildSettings = {
				BUNDLE_LOADER = "$(TEST_HOST)";
				DEVELOPMENT_TEAM = 7Y23H2KX2R;
				INFOPLIST_FILE = "使用git1Tests/Info.plist";
				LD_RUNPATH_SEARCH_PATHS = "$(inherited) @executable_path/Frameworks @loader_path/Frameworks";
				PRODUCT_BUNDLE_IDENTIFIER = "suzhixue.511.--git1Tests";
				PRODUCT_NAME = "$(TARGET_NAME)";
				TEST_HOST = "$(BUILT_PRODUCTS_DIR)/使用git1.app/使用git1";
			};
			name = Release;
		};
		FCE1CDED1DD9F63800341650 /* Debug */ = {
			isa = XCBuildConfiguration;
			buildSettings = {
				DEVELOPMENT_TEAM = 7Y23H2KX2R;
				INFOPLIST_FILE = "使用git1UITests/Info.plist";
				LD_RUNPATH_SEARCH_PATHS = "$(inherited) @executable_path/Frameworks @loader_path/Frameworks";
				PRODUCT_BUNDLE_IDENTIFIER = "suzhixue.511.--git1UITests";
				PRODUCT_NAME = "$(TARGET_NAME)";
				TEST_TARGET_NAME = "使用git1";
			};
			name = Debug;
		};
		FCE1CDEE1DD9F63800341650 /* Release */ = {
			isa = XCBuildConfiguration;
			buildSettings = {
				DEVELOPMENT_TEAM = 7Y23H2KX2R;
				INFOPLIST_FILE = "使用git1UITests/Info.plist";
				LD_RUNPATH_SEARCH_PATHS = "$(inherited) @executable_path/Frameworks @loader_path/Frameworks";
				PRODUCT_BUNDLE_IDENTIFIER = "suzhixue.511.--git1UITests";
				PRODUCT_NAME = "$(TARGET_NAME)";
				TEST_TARGET_NAME = "使用git1";
			};
			name = Release;
		};
/* End XCBuildConfiguration section */

/* Begin XCConfigurationList section */
		FCE1CDB41DD9F63800341650 /* Build configuration list for PBXProject "使用git1" */ = {
			isa = XCConfigurationList;
			buildConfigurations = (
				FCE1CDE41DD9F63800341650 /* Debug */,
				FCE1CDE51DD9F63800341650 /* Release */,
			);
			defaultConfigurationIsVisible = 0;
			defaultConfigurationName = Release;
		};
		FCE1CDE61DD9F63800341650 /* Build configuration list for PBXNativeTarget "使用git1" */ = {
			isa = XCConfigurationList;
			buildConfigurations = (
				FCE1CDE71DD9F63800341650 /* Debug */,
				FCE1CDE81DD9F63800341650 /* Release */,
			);
			defaultConfigurationIsVisible = 0;
		};
		FCE1CDE91DD9F63800341650 /* Build configuration list for PBXNativeTarget "使用git1Tests" */ = {
			isa = XCConfigurationList;
			buildConfigurations = (
				FCE1CDEA1DD9F63800341650 /* Debug */,
				FCE1CDEB1DD9F63800341650 /* Release */,
			);
			defaultConfigurationIsVisible = 0;
		};
		FCE1CDEC1DD9F63800341650 /* Build configuration list for PBXNativeTarget "使用git1UITests" */ = {
			isa = XCConfigurationList;
			buildConfigurations = (
				FCE1CDED1DD9F63800341650 /* Debug */,
				FCE1CDEE1DD9F63800341650 /* Release */,
			);
			defaultConfigurationIsVisible = 0;
		};
/* End XCConfigurationList section */
	};
	rootObject = FCE1CDB11DD9F63800341650 /* Project object */;
}
